
Microsoft Visual Studio Solution File, Format Version 12.00
# Visual Studio Version 17
VisualStudioVersion = 17.2.32630.192
MinimumVisualStudioVersion = 10.0.40219.1
Project("{FAE04EC0-301F-11D3-BF4B-00C04F79EFBC}") = "shadowerapis", "shadowerapis.csproj", "{3B47C733-C5E9-475A-941A-737CDDBA593B}"
EndProject
Global
	GlobalSection(SolutionConfigurationPlatforms) = preSolution
		Debug|Any CPU = Debug|Any CPU
		Release|Any CPU = Release|Any CPU
	EndGlobalSection
	GlobalSection(ProjectConfigurationPlatforms) = postSolution
		{3B47C733-C5E9-475A-941A-737CDDBA593B}.Debug|Any CPU.ActiveCfg = Debug|Any CPU
		{3B47C733-C5E9-475A-941A-737CDDBA593B}.Debug|Any CPU.Build.0 = Debug|Any CPU
		{3B47C733-C5E9-475A-941A-737CDDBA593B}.Release|Any CPU.ActiveCfg = Release|Any CPU
		{3B47C733-C5E9-475A-941A-737CDDBA593B}.Release|Any CPU.Build.0 = Release|Any CPU
	EndGlobalSection
	GlobalSection(SolutionProperties) = preSolution
		HideSolutionNode = FALSE
	EndGlobalSection
	GlobalSection(ExtensibilityGlobals) = postSolution
		SolutionGuid = {17641601-E769-4D60-B0AE-1FF7A6F0DEB1}
	EndGlobalSection
EndGlobal
