
Microsoft Visual Studio Solution File, Format Version 12.00
# Visual Studio Version 17
VisualStudioVersion = 17.2.32630.192
MinimumVisualStudioVersion = 10.0.40219.1
Project("{FAE04EC0-301F-11D3-BF4B-00C04F79EFBC}") = "ShadowerCP", "ShadowerCP.csproj", "{F38212AA-52A5-4138-A90C-809F72924973}"
EndProject
Global
	GlobalSection(SolutionConfigurationPlatforms) = preSolution
		Debug|Any CPU = Debug|Any CPU
		Release|Any CPU = Release|Any CPU
	EndGlobalSection
	GlobalSection(ProjectConfigurationPlatforms) = postSolution
		{F38212AA-52A5-4138-A90C-809F72924973}.Debug|Any CPU.ActiveCfg = Debug|Any CPU
		{F38212AA-52A5-4138-A90C-809F72924973}.Debug|Any CPU.Build.0 = Debug|Any CPU
		{F38212AA-52A5-4138-A90C-809F72924973}.Release|Any CPU.ActiveCfg = Release|Any CPU
		{F38212AA-52A5-4138-A90C-809F72924973}.Release|Any CPU.Build.0 = Release|Any CPU
	EndGlobalSection
	GlobalSection(SolutionProperties) = preSolution
		HideSolutionNode = FALSE
	EndGlobalSection
	GlobalSection(ExtensibilityGlobals) = postSolution
		SolutionGuid = {1D236CC4-58D7-4F0A-9D42-CA0B3221D8CC}
	EndGlobalSection
EndGlobal
